
Microsoft Visual Studio Solution File, Format Version 12.00
# Visual Studio Version 17
VisualStudioVersion = 17.9.34728.123
MinimumVisualStudioVersion = 10.0.40219.1
Project("{9A19103F-16F7-4668-BE54-9A1E7A4F7556}") = "Infra", "Infra.csproj", "{2F8E6659-D207-45B9-8F31-E2247C25BBC7}"
EndProject
Global
	GlobalSection(SolutionConfigurationPlatforms) = preSolution
		Debug|Any CPU = Debug|Any CPU
		Release|Any CPU = Release|Any CPU
	EndGlobalSection
	GlobalSection(ProjectConfigurationPlatforms) = postSolution
		{2F8E6659-D207-45B9-8F31-E2247C25BBC7}.Debug|Any CPU.ActiveCfg = Debug|Any CPU
		{2F8E6659-D207-45B9-8F31-E2247C25BBC7}.Debug|Any CPU.Build.0 = Debug|Any CPU
		{2F8E6659-D207-45B9-8F31-E2247C25BBC7}.Release|Any CPU.ActiveCfg = Release|Any CPU
		{2F8E6659-D207-45B9-8F31-E2247C25BBC7}.Release|Any CPU.Build.0 = Release|Any CPU
	EndGlobalSection
	GlobalSection(SolutionProperties) = preSolution
		HideSolutionNode = FALSE
	EndGlobalSection
	GlobalSection(ExtensibilityGlobals) = postSolution
		SolutionGuid = {C1B8FAA4-C962-471C-8066-F0B4C19D823E}
	EndGlobalSection
EndGlobal
